
Microsoft Visual Studio Solution File, Format Version 12.00
# Visual Studio Version 17
VisualStudioVersion = 17.12.35707.178
MinimumVisualStudioVersion = 10.0.40219.1
Project("{FAE04EC0-301F-11D3-BF4B-00C04F79EFBC}") = "DataLayer", "DataLayer\DataLayer.csproj", "{C287A75D-FD89-4E78-B6D8-130102335012}"
EndProject
Project("{FAE04EC0-301F-11D3-BF4B-00C04F79EFBC}") = "Tests", "Test\Tests\Tests.csproj", "{D9FD5981-249C-4D7E-904E-459A8214A2E6}"
EndProject
Project("{FAE04EC0-301F-11D3-BF4B-00C04F79EFBC}") = "BusinessLayer", "BuisnessLayer\BusinessLayer.csproj", "{5E7A8368-2465-413A-9B6B-CC8CE4BABAD6}"
EndProject
Project("{FAE04EC0-301F-11D3-BF4B-00C04F79EFBC}") = "ServiceLayer", "ServiceLayer\ServiceLayer.csproj", "{5E713CB5-09D2-46F0-87A1-C79AB2EC9B6D}"
EndProject
Global
	GlobalSection(SolutionConfigurationPlatforms) = preSolution
		Debug|Any CPU = Debug|Any CPU
		Release|Any CPU = Release|Any CPU
	EndGlobalSection
	GlobalSection(ProjectConfigurationPlatforms) = postSolution
		{C287A75D-FD89-4E78-B6D8-130102335012}.Debug|Any CPU.ActiveCfg = Debug|Any CPU
		{C287A75D-FD89-4E78-B6D8-130102335012}.Debug|Any CPU.Build.0 = Debug|Any CPU
		{C287A75D-FD89-4E78-B6D8-130102335012}.Release|Any CPU.ActiveCfg = Release|Any CPU
		{C287A75D-FD89-4E78-B6D8-130102335012}.Release|Any CPU.Build.0 = Release|Any CPU
		{D9FD5981-249C-4D7E-904E-459A8214A2E6}.Debug|Any CPU.ActiveCfg = Debug|Any CPU
		{D9FD5981-249C-4D7E-904E-459A8214A2E6}.Debug|Any CPU.Build.0 = Debug|Any CPU
		{D9FD5981-249C-4D7E-904E-459A8214A2E6}.Release|Any CPU.ActiveCfg = Release|Any CPU
		{D9FD5981-249C-4D7E-904E-459A8214A2E6}.Release|Any CPU.Build.0 = Release|Any CPU
		{5E7A8368-2465-413A-9B6B-CC8CE4BABAD6}.Debug|Any CPU.ActiveCfg = Debug|Any CPU
		{5E7A8368-2465-413A-9B6B-CC8CE4BABAD6}.Debug|Any CPU.Build.0 = Debug|Any CPU
		{5E7A8368-2465-413A-9B6B-CC8CE4BABAD6}.Release|Any CPU.ActiveCfg = Release|Any CPU
		{5E7A8368-2465-413A-9B6B-CC8CE4BABAD6}.Release|Any CPU.Build.0 = Release|Any CPU
		{5E713CB5-09D2-46F0-87A1-C79AB2EC9B6D}.Debug|Any CPU.ActiveCfg = Debug|Any CPU
		{5E713CB5-09D2-46F0-87A1-C79AB2EC9B6D}.Debug|Any CPU.Build.0 = Debug|Any CPU
		{5E713CB5-09D2-46F0-87A1-C79AB2EC9B6D}.Release|Any CPU.ActiveCfg = Release|Any CPU
		{5E713CB5-09D2-46F0-87A1-C79AB2EC9B6D}.Release|Any CPU.Build.0 = Release|Any CPU
	EndGlobalSection
	GlobalSection(SolutionProperties) = preSolution
		HideSolutionNode = FALSE
	EndGlobalSection
	GlobalSection(ExtensibilityGlobals) = postSolution
		SolutionGuid = {0C5BF920-B328-4ABF-B078-5E6FC5A9B786}
	EndGlobalSection
EndGlobal
